
Microsoft Visual Studio Solution File, Format Version 12.00
# Visual Studio Version 17
VisualStudioVersion = 17.0.32112.339
MinimumVisualStudioVersion = 10.0.40219.1
Project("{9A19103F-16F7-4668-BE54-9A1E7A4F7556}") = "Fabricdot.Infrastructure", "src\Fabricdot.Infrastructure\Fabricdot.Infrastructure.csproj", "{E0B89F2D-53C2-422A-BDC0-E3C1407B240F}"
EndProject
Project("{9A19103F-16F7-4668-BE54-9A1E7A4F7556}") = "Fabricdot.WebApi", "src\Fabricdot.WebApi\Fabricdot.WebApi.csproj", "{7A28E34F-DC7A-473B-ABA0-9E0C129CFFB3}"
EndProject
Project("{9A19103F-16F7-4668-BE54-9A1E7A4F7556}") = "Fabricdot.Infrastructure.EntityFrameworkCore", "src\Fabricdot.Infrastructure.EntityFrameworkCore\Fabricdot.Infrastructure.EntityFrameworkCore.csproj", "{68EDE2DB-3C5D-4F48-88C9-7EC62CD29F1E}"
EndProject
Project("{9A19103F-16F7-4668-BE54-9A1E7A4F7556}") = "Fabricdot.Domain", "src\Fabricdot.Domain\Fabricdot.Domain.csproj", "{0D4C3E84-047F-4FAB-98D5-C9E93A09FF76}"
EndProject
Project("{2150E333-8FDC-42A3-9474-1A3956D46DE8}") = "src", "src", "{E4584D3B-649D-4069-82F1-647552F432FC}"
EndProject
Project("{2150E333-8FDC-42A3-9474-1A3956D46DE8}") = "tests", "tests", "{331C270C-1154-413D-A0B4-29E4E4ACA7C3}"
EndProject
Project("{9A19103F-16F7-4668-BE54-9A1E7A4F7556}") = "Fabricdot.Core", "src\Fabricdot.Core\Fabricdot.Core.csproj", "{5716680D-C4FE-4F12-B6BF-3FA6838DA267}"
EndProject
Project("{9A19103F-16F7-4668-BE54-9A1E7A4F7556}") = "Fabricdot.Core.Tests", "tests\Fabricdot.Core.Tests\Fabricdot.Core.Tests.csproj", "{1E467214-59DD-4780-BCBC-D0DC58BACB36}"
EndProject
Project("{9A19103F-16F7-4668-BE54-9A1E7A4F7556}") = "Fabricdot.Domain.Tests", "tests\Fabricdot.Domain.Tests\Fabricdot.Domain.Tests.csproj", "{83B6EEFF-83C5-41E5-B297-82ED7690B9F0}"
EndProject
Project("{9A19103F-16F7-4668-BE54-9A1E7A4F7556}") = "Fabricdot.Infrastructure.Tests", "tests\Fabricdot.Infrastructure.Tests\Fabricdot.Infrastructure.Tests.csproj", "{C0E4CC0C-8A76-420A-BA79-E7FE08C80B28}"
EndProject
Project("{9A19103F-16F7-4668-BE54-9A1E7A4F7556}") = "Fabricdot.Test.Shared", "tests\Fabricdot.Test.Shared\Fabricdot.Test.Shared.csproj", "{657D3D10-E519-4429-80BB-7105A5BCFF75}"
EndProject
Project("{9A19103F-16F7-4668-BE54-9A1E7A4F7556}") = "Fabricdot.Infrastructure.EntityFrameworkCore.Tests", "tests\Fabricdot.Infrastructure.EntityFrameworkCore.Tests\Fabricdot.Infrastructure.EntityFrameworkCore.Tests.csproj", "{C2693C9C-A149-477A-9A52-AC4A804BB5BA}"
EndProject
Project("{9A19103F-16F7-4668-BE54-9A1E7A4F7556}") = "Fabricdot.WebApi.Tests", "tests\Fabricdot.WebApi.Tests\Fabricdot.WebApi.Tests.csproj", "{742DB70F-EDD1-4500-A8B2-B987DA80DB4D}"
EndProject
Project("{9A19103F-16F7-4668-BE54-9A1E7A4F7556}") = "Fabricdot.MultiTenancy", "src\Fabricdot.MultiTenancy\Fabricdot.MultiTenancy.csproj", "{4368C038-D306-40DF-B142-E29D98B79FA2}"
EndProject
Project("{9A19103F-16F7-4668-BE54-9A1E7A4F7556}") = "Fabricdot.MultiTenancy.AspNetCore", "src\Fabricdot.MultiTenancy.AspNetCore\Fabricdot.MultiTenancy.AspNetCore.csproj", "{8637A278-528E-4AED-A232-4E51131E3C9A}"
EndProject
Project("{FAE04EC0-301F-11D3-BF4B-00C04F79EFBC}") = "Fabricdot.MultiTenancy.Abstractions", "src\Fabricdot.MultiTenancy.Abstractions\Fabricdot.MultiTenancy.Abstractions.csproj", "{D47A058D-4D56-4C48-8248-7472E4C6567E}"
EndProject
Global
	GlobalSection(SolutionConfigurationPlatforms) = preSolution
		Debug|Any CPU = Debug|Any CPU
		Release|Any CPU = Release|Any CPU
	EndGlobalSection
	GlobalSection(ProjectConfigurationPlatforms) = postSolution
		{E0B89F2D-53C2-422A-BDC0-E3C1407B240F}.Debug|Any CPU.ActiveCfg = Debug|Any CPU
		{E0B89F2D-53C2-422A-BDC0-E3C1407B240F}.Debug|Any CPU.Build.0 = Debug|Any CPU
		{E0B89F2D-53C2-422A-BDC0-E3C1407B240F}.Release|Any CPU.ActiveCfg = Release|Any CPU
		{E0B89F2D-53C2-422A-BDC0-E3C1407B240F}.Release|Any CPU.Build.0 = Release|Any CPU
		{7A28E34F-DC7A-473B-ABA0-9E0C129CFFB3}.Debug|Any CPU.ActiveCfg = Debug|Any CPU
		{7A28E34F-DC7A-473B-ABA0-9E0C129CFFB3}.Debug|Any CPU.Build.0 = Debug|Any CPU
		{7A28E34F-DC7A-473B-ABA0-9E0C129CFFB3}.Release|Any CPU.ActiveCfg = Release|Any CPU
		{7A28E34F-DC7A-473B-ABA0-9E0C129CFFB3}.Release|Any CPU.Build.0 = Release|Any CPU
		{68EDE2DB-3C5D-4F48-88C9-7EC62CD29F1E}.Debug|Any CPU.ActiveCfg = Debug|Any CPU
		{68EDE2DB-3C5D-4F48-88C9-7EC62CD29F1E}.Debug|Any CPU.Build.0 = Debug|Any CPU
		{68EDE2DB-3C5D-4F48-88C9-7EC62CD29F1E}.Release|Any CPU.ActiveCfg = Release|Any CPU
		{68EDE2DB-3C5D-4F48-88C9-7EC62CD29F1E}.Release|Any CPU.Build.0 = Release|Any CPU
		{0D4C3E84-047F-4FAB-98D5-C9E93A09FF76}.Debug|Any CPU.ActiveCfg = Debug|Any CPU
		{0D4C3E84-047F-4FAB-98D5-C9E93A09FF76}.Debug|Any CPU.Build.0 = Debug|Any CPU
		{0D4C3E84-047F-4FAB-98D5-C9E93A09FF76}.Release|Any CPU.ActiveCfg = Release|Any CPU
		{0D4C3E84-047F-4FAB-98D5-C9E93A09FF76}.Release|Any CPU.Build.0 = Release|Any CPU
		{5716680D-C4FE-4F12-B6BF-3FA6838DA267}.Debug|Any CPU.ActiveCfg = Debug|Any CPU
		{5716680D-C4FE-4F12-B6BF-3FA6838DA267}.Debug|Any CPU.Build.0 = Debug|Any CPU
		{5716680D-C4FE-4F12-B6BF-3FA6838DA267}.Release|Any CPU.ActiveCfg = Release|Any CPU
		{5716680D-C4FE-4F12-B6BF-3FA6838DA267}.Release|Any CPU.Build.0 = Release|Any CPU
		{1E467214-59DD-4780-BCBC-D0DC58BACB36}.Debug|Any CPU.ActiveCfg = Debug|Any CPU
		{1E467214-59DD-4780-BCBC-D0DC58BACB36}.Debug|Any CPU.Build.0 = Debug|Any CPU
		{1E467214-59DD-4780-BCBC-D0DC58BACB36}.Release|Any CPU.ActiveCfg = Release|Any CPU
		{1E467214-59DD-4780-BCBC-D0DC58BACB36}.Release|Any CPU.Build.0 = Release|Any CPU
		{83B6EEFF-83C5-41E5-B297-82ED7690B9F0}.Debug|Any CPU.ActiveCfg = Debug|Any CPU
		{83B6EEFF-83C5-41E5-B297-82ED7690B9F0}.Debug|Any CPU.Build.0 = Debug|Any CPU
		{83B6EEFF-83C5-41E5-B297-82ED7690B9F0}.Release|Any CPU.ActiveCfg = Release|Any CPU
		{83B6EEFF-83C5-41E5-B297-82ED7690B9F0}.Release|Any CPU.Build.0 = Release|Any CPU
		{C0E4CC0C-8A76-420A-BA79-E7FE08C80B28}.Debug|Any CPU.ActiveCfg = Debug|Any CPU
		{C0E4CC0C-8A76-420A-BA79-E7FE08C80B28}.Debug|Any CPU.Build.0 = Debug|Any CPU
		{C0E4CC0C-8A76-420A-BA79-E7FE08C80B28}.Release|Any CPU.ActiveCfg = Release|Any CPU
		{C0E4CC0C-8A76-420A-BA79-E7FE08C80B28}.Release|Any CPU.Build.0 = Release|Any CPU
		{657D3D10-E519-4429-80BB-7105A5BCFF75}.Debug|Any CPU.ActiveCfg = Debug|Any CPU
		{657D3D10-E519-4429-80BB-7105A5BCFF75}.Debug|Any CPU.Build.0 = Debug|Any CPU
		{657D3D10-E519-4429-80BB-7105A5BCFF75}.Release|Any CPU.ActiveCfg = Release|Any CPU
		{657D3D10-E519-4429-80BB-7105A5BCFF75}.Release|Any CPU.Build.0 = Release|Any CPU
		{C2693C9C-A149-477A-9A52-AC4A804BB5BA}.Debug|Any CPU.ActiveCfg = Debug|Any CPU
		{C2693C9C-A149-477A-9A52-AC4A804BB5BA}.Debug|Any CPU.Build.0 = Debug|Any CPU
		{C2693C9C-A149-477A-9A52-AC4A804BB5BA}.Release|Any CPU.ActiveCfg = Release|Any CPU
		{C2693C9C-A149-477A-9A52-AC4A804BB5BA}.Release|Any CPU.Build.0 = Release|Any CPU
		{742DB70F-EDD1-4500-A8B2-B987DA80DB4D}.Debug|Any CPU.ActiveCfg = Debug|Any CPU
		{742DB70F-EDD1-4500-A8B2-B987DA80DB4D}.Debug|Any CPU.Build.0 = Debug|Any CPU
		{742DB70F-EDD1-4500-A8B2-B987DA80DB4D}.Release|Any CPU.ActiveCfg = Release|Any CPU
		{742DB70F-EDD1-4500-A8B2-B987DA80DB4D}.Release|Any CPU.Build.0 = Release|Any CPU
		{4368C038-D306-40DF-B142-E29D98B79FA2}.Debug|Any CPU.ActiveCfg = Debug|Any CPU
		{4368C038-D306-40DF-B142-E29D98B79FA2}.Debug|Any CPU.Build.0 = Debug|Any CPU
		{4368C038-D306-40DF-B142-E29D98B79FA2}.Release|Any CPU.ActiveCfg = Release|Any CPU
		{4368C038-D306-40DF-B142-E29D98B79FA2}.Release|Any CPU.Build.0 = Release|Any CPU
		{8637A278-528E-4AED-A232-4E51131E3C9A}.Debug|Any CPU.ActiveCfg = Debug|Any CPU
		{8637A278-528E-4AED-A232-4E51131E3C9A}.Debug|Any CPU.Build.0 = Debug|Any CPU
		{8637A278-528E-4AED-A232-4E51131E3C9A}.Release|Any CPU.ActiveCfg = Release|Any CPU
		{8637A278-528E-4AED-A232-4E51131E3C9A}.Release|Any CPU.Build.0 = Release|Any CPU
		{D47A058D-4D56-4C48-8248-7472E4C6567E}.Debug|Any CPU.ActiveCfg = Debug|Any CPU
		{D47A058D-4D56-4C48-8248-7472E4C6567E}.Debug|Any CPU.Build.0 = Debug|Any CPU
		{D47A058D-4D56-4C48-8248-7472E4C6567E}.Release|Any CPU.ActiveCfg = Release|Any CPU
		{D47A058D-4D56-4C48-8248-7472E4C6567E}.Release|Any CPU.Build.0 = Release|Any CPU
	EndGlobalSection
	GlobalSection(SolutionProperties) = preSolution
		HideSolutionNode = FALSE
	EndGlobalSection
	GlobalSection(NestedProjects) = preSolution
		{E0B89F2D-53C2-422A-BDC0-E3C1407B240F} = {E4584D3B-649D-4069-82F1-647552F432FC}
		{7A28E34F-DC7A-473B-ABA0-9E0C129CFFB3} = {E4584D3B-649D-4069-82F1-647552F432FC}
		{68EDE2DB-3C5D-4F48-88C9-7EC62CD29F1E} = {E4584D3B-649D-4069-82F1-647552F432FC}
		{0D4C3E84-047F-4FAB-98D5-C9E93A09FF76} = {E4584D3B-649D-4069-82F1-647552F432FC}
		{5716680D-C4FE-4F12-B6BF-3FA6838DA267} = {E4584D3B-649D-4069-82F1-647552F432FC}
		{1E467214-59DD-4780-BCBC-D0DC58BACB36} = {331C270C-1154-413D-A0B4-29E4E4ACA7C3}
		{83B6EEFF-83C5-41E5-B297-82ED7690B9F0} = {331C270C-1154-413D-A0B4-29E4E4ACA7C3}
		{C0E4CC0C-8A76-420A-BA79-E7FE08C80B28} = {331C270C-1154-413D-A0B4-29E4E4ACA7C3}
		{657D3D10-E519-4429-80BB-7105A5BCFF75} = {331C270C-1154-413D-A0B4-29E4E4ACA7C3}
		{C2693C9C-A149-477A-9A52-AC4A804BB5BA} = {331C270C-1154-413D-A0B4-29E4E4ACA7C3}
		{742DB70F-EDD1-4500-A8B2-B987DA80DB4D} = {331C270C-1154-413D-A0B4-29E4E4ACA7C3}
		{4368C038-D306-40DF-B142-E29D98B79FA2} = {E4584D3B-649D-4069-82F1-647552F432FC}
		{8637A278-528E-4AED-A232-4E51131E3C9A} = {E4584D3B-649D-4069-82F1-647552F432FC}
		{D47A058D-4D56-4C48-8248-7472E4C6567E} = {E4584D3B-649D-4069-82F1-647552F432FC}
	EndGlobalSection
	GlobalSection(ExtensibilityGlobals) = postSolution
		SolutionGuid = {8A1CF1E5-6520-4250-8917-0413CEF753A8}
	EndGlobalSection
EndGlobal
