
Microsoft Visual Studio Solution File, Format Version 12.00
# Visual Studio Version 16
VisualStudioVersion = 16.0.30413.136
MinimumVisualStudioVersion = 15.0.26124.0
Project("{2150E333-8FDC-42A3-9474-1A3956D46DE8}") = "src", "src", "{79C6125F-8796-468A-943C-65680138695B}"
EndProject
Project("{9A19103F-16F7-4668-BE54-9A1E7A4F7556}") = "Mall.Domain", "src\Mall.Domain\Mall.Domain.csproj", "{02747E6E-976E-42BA-805D-1F30B828BA3B}"
EndProject
Project("{9A19103F-16F7-4668-BE54-9A1E7A4F7556}") = "Mall.Domain.Shared", "src\Mall.Domain.Shared\Mall.Domain.Shared.csproj", "{F2B40161-4BEC-4B41-9CC8-D6D27929811F}"
EndProject
Project("{9A19103F-16F7-4668-BE54-9A1E7A4F7556}") = "Mall.Infrastructure", "src\Mall.Infrastructure\Mall.Infrastructure.csproj", "{733246A3-9EAF-4E0D-86D1-594168D5D5A5}"
EndProject
Project("{9A19103F-16F7-4668-BE54-9A1E7A4F7556}") = "Mall.WebApi", "src\Mall.WebApi\Mall.WebApi.csproj", "{E3CC8E99-3191-4A36-B68C-CCE5D038E1C3}"
EndProject
Project("{9A19103F-16F7-4668-BE54-9A1E7A4F7556}") = "Mall.Common", "src\Mall.Common\Mall.Common.csproj", "{DCD3294E-EFC3-4EFD-A2EC-C6019D4582A9}"
EndProject
Project("{E53339B2-1760-4266-BCC7-CA923CBCF16C}") = "docker-compose", "docker-compose.dcproj", "{A644315C-0CCE-4B37-8D4A-8B1608B096DD}"
EndProject
Global
	GlobalSection(SolutionConfigurationPlatforms) = preSolution
		Debug|Any CPU = Debug|Any CPU
		Debug|x64 = Debug|x64
		Debug|x86 = Debug|x86
		Release|Any CPU = Release|Any CPU
		Release|x64 = Release|x64
		Release|x86 = Release|x86
	EndGlobalSection
	GlobalSection(ProjectConfigurationPlatforms) = postSolution
		{02747E6E-976E-42BA-805D-1F30B828BA3B}.Debug|Any CPU.ActiveCfg = Debug|Any CPU
		{02747E6E-976E-42BA-805D-1F30B828BA3B}.Debug|Any CPU.Build.0 = Debug|Any CPU
		{02747E6E-976E-42BA-805D-1F30B828BA3B}.Debug|x64.ActiveCfg = Debug|Any CPU
		{02747E6E-976E-42BA-805D-1F30B828BA3B}.Debug|x64.Build.0 = Debug|Any CPU
		{02747E6E-976E-42BA-805D-1F30B828BA3B}.Debug|x86.ActiveCfg = Debug|Any CPU
		{02747E6E-976E-42BA-805D-1F30B828BA3B}.Debug|x86.Build.0 = Debug|Any CPU
		{02747E6E-976E-42BA-805D-1F30B828BA3B}.Release|Any CPU.ActiveCfg = Release|Any CPU
		{02747E6E-976E-42BA-805D-1F30B828BA3B}.Release|Any CPU.Build.0 = Release|Any CPU
		{02747E6E-976E-42BA-805D-1F30B828BA3B}.Release|x64.ActiveCfg = Release|Any CPU
		{02747E6E-976E-42BA-805D-1F30B828BA3B}.Release|x64.Build.0 = Release|Any CPU
		{02747E6E-976E-42BA-805D-1F30B828BA3B}.Release|x86.ActiveCfg = Release|Any CPU
		{02747E6E-976E-42BA-805D-1F30B828BA3B}.Release|x86.Build.0 = Release|Any CPU
		{F2B40161-4BEC-4B41-9CC8-D6D27929811F}.Debug|Any CPU.ActiveCfg = Debug|Any CPU
		{F2B40161-4BEC-4B41-9CC8-D6D27929811F}.Debug|Any CPU.Build.0 = Debug|Any CPU
		{F2B40161-4BEC-4B41-9CC8-D6D27929811F}.Debug|x64.ActiveCfg = Debug|Any CPU
		{F2B40161-4BEC-4B41-9CC8-D6D27929811F}.Debug|x64.Build.0 = Debug|Any CPU
		{F2B40161-4BEC-4B41-9CC8-D6D27929811F}.Debug|x86.ActiveCfg = Debug|Any CPU
		{F2B40161-4BEC-4B41-9CC8-D6D27929811F}.Debug|x86.Build.0 = Debug|Any CPU
		{F2B40161-4BEC-4B41-9CC8-D6D27929811F}.Release|Any CPU.ActiveCfg = Release|Any CPU
		{F2B40161-4BEC-4B41-9CC8-D6D27929811F}.Release|Any CPU.Build.0 = Release|Any CPU
		{F2B40161-4BEC-4B41-9CC8-D6D27929811F}.Release|x64.ActiveCfg = Release|Any CPU
		{F2B40161-4BEC-4B41-9CC8-D6D27929811F}.Release|x64.Build.0 = Release|Any CPU
		{F2B40161-4BEC-4B41-9CC8-D6D27929811F}.Release|x86.ActiveCfg = Release|Any CPU
		{F2B40161-4BEC-4B41-9CC8-D6D27929811F}.Release|x86.Build.0 = Release|Any CPU
		{733246A3-9EAF-4E0D-86D1-594168D5D5A5}.Debug|Any CPU.ActiveCfg = Debug|Any CPU
		{733246A3-9EAF-4E0D-86D1-594168D5D5A5}.Debug|Any CPU.Build.0 = Debug|Any CPU
		{733246A3-9EAF-4E0D-86D1-594168D5D5A5}.Debug|x64.ActiveCfg = Debug|Any CPU
		{733246A3-9EAF-4E0D-86D1-594168D5D5A5}.Debug|x64.Build.0 = Debug|Any CPU
		{733246A3-9EAF-4E0D-86D1-594168D5D5A5}.Debug|x86.ActiveCfg = Debug|Any CPU
		{733246A3-9EAF-4E0D-86D1-594168D5D5A5}.Debug|x86.Build.0 = Debug|Any CPU
		{733246A3-9EAF-4E0D-86D1-594168D5D5A5}.Release|Any CPU.ActiveCfg = Release|Any CPU
		{733246A3-9EAF-4E0D-86D1-594168D5D5A5}.Release|Any CPU.Build.0 = Release|Any CPU
		{733246A3-9EAF-4E0D-86D1-594168D5D5A5}.Release|x64.ActiveCfg = Release|Any CPU
		{733246A3-9EAF-4E0D-86D1-594168D5D5A5}.Release|x64.Build.0 = Release|Any CPU
		{733246A3-9EAF-4E0D-86D1-594168D5D5A5}.Release|x86.ActiveCfg = Release|Any CPU
		{733246A3-9EAF-4E0D-86D1-594168D5D5A5}.Release|x86.Build.0 = Release|Any CPU
		{E3CC8E99-3191-4A36-B68C-CCE5D038E1C3}.Debug|Any CPU.ActiveCfg = Debug|Any CPU
		{E3CC8E99-3191-4A36-B68C-CCE5D038E1C3}.Debug|Any CPU.Build.0 = Debug|Any CPU
		{E3CC8E99-3191-4A36-B68C-CCE5D038E1C3}.Debug|x64.ActiveCfg = Debug|Any CPU
		{E3CC8E99-3191-4A36-B68C-CCE5D038E1C3}.Debug|x64.Build.0 = Debug|Any CPU
		{E3CC8E99-3191-4A36-B68C-CCE5D038E1C3}.Debug|x86.ActiveCfg = Debug|Any CPU
		{E3CC8E99-3191-4A36-B68C-CCE5D038E1C3}.Debug|x86.Build.0 = Debug|Any CPU
		{E3CC8E99-3191-4A36-B68C-CCE5D038E1C3}.Release|Any CPU.ActiveCfg = Release|Any CPU
		{E3CC8E99-3191-4A36-B68C-CCE5D038E1C3}.Release|Any CPU.Build.0 = Release|Any CPU
		{E3CC8E99-3191-4A36-B68C-CCE5D038E1C3}.Release|x64.ActiveCfg = Release|Any CPU
		{E3CC8E99-3191-4A36-B68C-CCE5D038E1C3}.Release|x64.Build.0 = Release|Any CPU
		{E3CC8E99-3191-4A36-B68C-CCE5D038E1C3}.Release|x86.ActiveCfg = Release|Any CPU
		{E3CC8E99-3191-4A36-B68C-CCE5D038E1C3}.Release|x86.Build.0 = Release|Any CPU
		{DCD3294E-EFC3-4EFD-A2EC-C6019D4582A9}.Debug|Any CPU.ActiveCfg = Debug|Any CPU
		{DCD3294E-EFC3-4EFD-A2EC-C6019D4582A9}.Debug|Any CPU.Build.0 = Debug|Any CPU
		{DCD3294E-EFC3-4EFD-A2EC-C6019D4582A9}.Debug|x64.ActiveCfg = Debug|Any CPU
		{DCD3294E-EFC3-4EFD-A2EC-C6019D4582A9}.Debug|x64.Build.0 = Debug|Any CPU
		{DCD3294E-EFC3-4EFD-A2EC-C6019D4582A9}.Debug|x86.ActiveCfg = Debug|Any CPU
		{DCD3294E-EFC3-4EFD-A2EC-C6019D4582A9}.Debug|x86.Build.0 = Debug|Any CPU
		{DCD3294E-EFC3-4EFD-A2EC-C6019D4582A9}.Release|Any CPU.ActiveCfg = Release|Any CPU
		{DCD3294E-EFC3-4EFD-A2EC-C6019D4582A9}.Release|Any CPU.Build.0 = Release|Any CPU
		{DCD3294E-EFC3-4EFD-A2EC-C6019D4582A9}.Release|x64.ActiveCfg = Release|Any CPU
		{DCD3294E-EFC3-4EFD-A2EC-C6019D4582A9}.Release|x64.Build.0 = Release|Any CPU
		{DCD3294E-EFC3-4EFD-A2EC-C6019D4582A9}.Release|x86.ActiveCfg = Release|Any CPU
		{DCD3294E-EFC3-4EFD-A2EC-C6019D4582A9}.Release|x86.Build.0 = Release|Any CPU
		{A644315C-0CCE-4B37-8D4A-8B1608B096DD}.Debug|Any CPU.ActiveCfg = Debug|Any CPU
		{A644315C-0CCE-4B37-8D4A-8B1608B096DD}.Debug|Any CPU.Build.0 = Debug|Any CPU
		{A644315C-0CCE-4B37-8D4A-8B1608B096DD}.Debug|x64.ActiveCfg = Debug|Any CPU
		{A644315C-0CCE-4B37-8D4A-8B1608B096DD}.Debug|x64.Build.0 = Debug|Any CPU
		{A644315C-0CCE-4B37-8D4A-8B1608B096DD}.Debug|x86.ActiveCfg = Debug|Any CPU
		{A644315C-0CCE-4B37-8D4A-8B1608B096DD}.Debug|x86.Build.0 = Debug|Any CPU
		{A644315C-0CCE-4B37-8D4A-8B1608B096DD}.Release|Any CPU.ActiveCfg = Release|Any CPU
		{A644315C-0CCE-4B37-8D4A-8B1608B096DD}.Release|Any CPU.Build.0 = Release|Any CPU
		{A644315C-0CCE-4B37-8D4A-8B1608B096DD}.Release|x64.ActiveCfg = Release|Any CPU
		{A644315C-0CCE-4B37-8D4A-8B1608B096DD}.Release|x64.Build.0 = Release|Any CPU
		{A644315C-0CCE-4B37-8D4A-8B1608B096DD}.Release|x86.ActiveCfg = Release|Any CPU
		{A644315C-0CCE-4B37-8D4A-8B1608B096DD}.Release|x86.Build.0 = Release|Any CPU
	EndGlobalSection
	GlobalSection(SolutionProperties) = preSolution
		HideSolutionNode = FALSE
	EndGlobalSection
	GlobalSection(NestedProjects) = preSolution
		{02747E6E-976E-42BA-805D-1F30B828BA3B} = {79C6125F-8796-468A-943C-65680138695B}
		{F2B40161-4BEC-4B41-9CC8-D6D27929811F} = {79C6125F-8796-468A-943C-65680138695B}
		{733246A3-9EAF-4E0D-86D1-594168D5D5A5} = {79C6125F-8796-468A-943C-65680138695B}
		{E3CC8E99-3191-4A36-B68C-CCE5D038E1C3} = {79C6125F-8796-468A-943C-65680138695B}
		{DCD3294E-EFC3-4EFD-A2EC-C6019D4582A9} = {79C6125F-8796-468A-943C-65680138695B}
	EndGlobalSection
	GlobalSection(ExtensibilityGlobals) = postSolution
		SolutionGuid = {A1CF3301-3A07-40EF-A07F-0E8C54778C22}
	EndGlobalSection
EndGlobal
