
Microsoft Visual Studio Solution File, Format Version 12.00
# Visual Studio Version 17
VisualStudioVersion = 17.2.32516.85
MinimumVisualStudioVersion = 10.0.40219.1
Project("{9A19103F-16F7-4668-BE54-9A1E7A4F7556}") = "Fabricdot.PermissionGranting", "src\Fabricdot.PermissionGranting\Fabricdot.PermissionGranting.csproj", "{952A1FDF-DE06-4898-8881-FDCC91F008B2}"
EndProject
Project("{2150E333-8FDC-42A3-9474-1A3956D46DE8}") = "src", "src", "{5BF1DB6D-CDD0-4D16-AB4C-D5DB394B8F6A}"
EndProject
Project("{2150E333-8FDC-42A3-9474-1A3956D46DE8}") = "tests", "tests", "{3C032B5C-639A-4C19-AC52-FEF34A6DD7A0}"
EndProject
Project("{9A19103F-16F7-4668-BE54-9A1E7A4F7556}") = "Fabricdot.PermissionGranting.Tests", "tests\Fabricdot.PermissionGranting.Tests\Fabricdot.PermissionGranting.Tests.csproj", "{D93C0BB1-48C7-45F9-A747-1153421CA27A}"
EndProject
Project("{9A19103F-16F7-4668-BE54-9A1E7A4F7556}") = "Fabricdot.PermissionGranting.AspNetCore.Tests", "tests\Fabricdot.PermissionGranting.AspNetCore.Tests\Fabricdot.PermissionGranting.AspNetCore.Tests.csproj", "{AC7E6468-FEA7-48A0-8DA8-E60699FB74E6}"
EndProject
Global
	GlobalSection(SolutionConfigurationPlatforms) = preSolution
		Debug|Any CPU = Debug|Any CPU
		Release|Any CPU = Release|Any CPU
	EndGlobalSection
	GlobalSection(ProjectConfigurationPlatforms) = postSolution
		{952A1FDF-DE06-4898-8881-FDCC91F008B2}.Debug|Any CPU.ActiveCfg = Debug|Any CPU
		{952A1FDF-DE06-4898-8881-FDCC91F008B2}.Debug|Any CPU.Build.0 = Debug|Any CPU
		{952A1FDF-DE06-4898-8881-FDCC91F008B2}.Release|Any CPU.ActiveCfg = Release|Any CPU
		{952A1FDF-DE06-4898-8881-FDCC91F008B2}.Release|Any CPU.Build.0 = Release|Any CPU
		{D93C0BB1-48C7-45F9-A747-1153421CA27A}.Debug|Any CPU.ActiveCfg = Debug|Any CPU
		{D93C0BB1-48C7-45F9-A747-1153421CA27A}.Debug|Any CPU.Build.0 = Debug|Any CPU
		{D93C0BB1-48C7-45F9-A747-1153421CA27A}.Release|Any CPU.ActiveCfg = Release|Any CPU
		{D93C0BB1-48C7-45F9-A747-1153421CA27A}.Release|Any CPU.Build.0 = Release|Any CPU
		{AC7E6468-FEA7-48A0-8DA8-E60699FB74E6}.Debug|Any CPU.ActiveCfg = Debug|Any CPU
		{AC7E6468-FEA7-48A0-8DA8-E60699FB74E6}.Debug|Any CPU.Build.0 = Debug|Any CPU
		{AC7E6468-FEA7-48A0-8DA8-E60699FB74E6}.Release|Any CPU.ActiveCfg = Release|Any CPU
		{AC7E6468-FEA7-48A0-8DA8-E60699FB74E6}.Release|Any CPU.Build.0 = Release|Any CPU
	EndGlobalSection
	GlobalSection(SolutionProperties) = preSolution
		HideSolutionNode = FALSE
	EndGlobalSection
	GlobalSection(NestedProjects) = preSolution
		{952A1FDF-DE06-4898-8881-FDCC91F008B2} = {5BF1DB6D-CDD0-4D16-AB4C-D5DB394B8F6A}
		{D93C0BB1-48C7-45F9-A747-1153421CA27A} = {3C032B5C-639A-4C19-AC52-FEF34A6DD7A0}
		{AC7E6468-FEA7-48A0-8DA8-E60699FB74E6} = {3C032B5C-639A-4C19-AC52-FEF34A6DD7A0}
	EndGlobalSection
	GlobalSection(ExtensibilityGlobals) = postSolution
		SolutionGuid = {314DF4B9-E4AB-428D-A4C7-79475885B22A}
	EndGlobalSection
EndGlobal
